// !$*UTF8*$!
{
	archiveVersion = 1;
	classes = {
	};
	objectVersion = 77;
	objects = {

/* Begin PBXBuildFile section */
		1835A89B27B35F50FA9B4871 /* SpaCommand.swift in Sources */ = {isa = PBXBuildFile; fileRef = 6C07FDB56EA22173354AAAC6 /* SpaCommand.swift */; };
		1B229DA6C734776551EB38D6 /* TempSample.swift in Sources */ = {isa = PBXBuildFile; fileRef = 981D78CA1F0548B0CF72658E /* TempSample.swift */; };
		267F68C8B93AF88DD514F0D7 /* CocoaMQTT in Frameworks */ = {isa = PBXBuildFile; productRef = CF479A42E259BA2A3BCFDE1B /* CocoaMQTT */; };
		2A36248C4FB34002BA59FC5B /* SpaViewModel.swift in Sources */ = {isa = PBXBuildFile; fileRef = 3420B1B077E7F2551C8D89F5 /* SpaViewModel.swift */; };
		318BE739D96298AE73250392 /* PreviewSupport.swift in Sources */ = {isa = PBXBuildFile; fileRef = A6E1F6956057060634463650 /* PreviewSupport.swift */; };
		43E58BF334D05AEBEE09379A /* SpaControlApp.swift in Sources */ = {isa = PBXBuildFile; fileRef = EC434F929B6F6E0B41E5719F /* SpaControlApp.swift */; };
		5725FEF07EE3793292170EFF /* TempHistoryView.swift in Sources */ = {isa = PBXBuildFile; fileRef = 7964696D282A294C820B283E /* TempHistoryView.swift */; };
		57EB6363C5EED92048F3F317 /* WiFiSetupWizardView.swift in Sources */ = {isa = PBXBuildFile; fileRef = D4303C0CA587EF2293BA5EE2 /* WiFiSetupWizardView.swift */; };
		72DD127E8BE250C98EBEBF36 /* ConnectionStatusView.swift in Sources */ = {isa = PBXBuildFile; fileRef = 8E63FEB3E4E7BE23A03318CD /* ConnectionStatusView.swift */; };
		7A8E44BDEB647B828CC2DF2E /* StatusDashboardView.swift in Sources */ = {isa = PBXBuildFile; fileRef = AF5F98E7367679FD138A64AD /* StatusDashboardView.swift */; };
		7B6B7147689E2AA401E139C9 /* CocoaMQTTWebSocket in Frameworks */ = {isa = PBXBuildFile; productRef = 540C8D226A68C21292F96B9C /* CocoaMQTTWebSocket */; };
		807DFF3C6C9AB7EA840D6A77 /* FaultCode.swift in Sources */ = {isa = PBXBuildFile; fileRef = B60C41C59A295C320B31E09D /* FaultCode.swift */; };
		84B68F1CD857B5A90B88A4C3 /* BrokerSettings.swift in Sources */ = {isa = PBXBuildFile; fileRef = 87135931A0298F9B7FCC4FC9 /* BrokerSettings.swift */; };
		87B211AD997CC13F347BE854 /* WiFiNetwork.swift in Sources */ = {isa = PBXBuildFile; fileRef = 34AC1BCD3F87758BC563F18E /* WiFiNetwork.swift */; };
		9D3002DB6443FB69DE467BA2 /* StaleStatusView.swift in Sources */ = {isa = PBXBuildFile; fileRef = 9F373F2FE26AC2ADE318F870 /* StaleStatusView.swift */; };
		A9D46AC0CF10C138EA6909CB /* SpaStatus.swift in Sources */ = {isa = PBXBuildFile; fileRef = 1B37C0A144D7BBF59259D36D /* SpaStatus.swift */; };
		B558F76F844A827706C97093 /* LightEcoControlView.swift in Sources */ = {isa = PBXBuildFile; fileRef = FF7021F05C1C4DB1A1031113 /* LightEcoControlView.swift */; };
		BB8017133B928743911AA044 /* Assets.xcassets in Resources */ = {isa = PBXBuildFile; fileRef = 5920F29B2B3ED975F4894AA3 /* Assets.xcassets */; };
		C7CBECE298C79DBDD9207AF7 /* NotificationManager.swift in Sources */ = {isa = PBXBuildFile; fileRef = B2D7D9B0871C5A3892059A8C /* NotificationManager.swift */; };
		D259E6204D2625E2818AB4F3 /* SettingsSheet.swift in Sources */ = {isa = PBXBuildFile; fileRef = E7C786B265848E5881E7CC8A /* SettingsSheet.swift */; };
		DEDBDD3E7ED6D67A4ED855E1 /* PumpControlView.swift in Sources */ = {isa = PBXBuildFile; fileRef = 90D2DC3899E8E3FE4B4E2E76 /* PumpControlView.swift */; };
		E6BC39C1B03109F3F51163B8 /* TemperatureDialView.swift in Sources */ = {isa = PBXBuildFile; fileRef = 63BB6335B5206510BB0310A2 /* TemperatureDialView.swift */; };
		F5743EABB974EA9BBCEE6A55 /* ContentView.swift in Sources */ = {isa = PBXBuildFile; fileRef = 64C7205B44D4CB523D47427B /* ContentView.swift */; };
		F58B1361F7111E2B4026FE1A /* SpaBLEProvisioner.swift in Sources */ = {isa = PBXBuildFile; fileRef = 8BC5250DCCE4A355CB5384D2 /* SpaBLEProvisioner.swift */; };
		FDAC9ABA900B4D58164084A0 /* TemperatureControlView.swift in Sources */ = {isa = PBXBuildFile; fileRef = B142DC8133BA488443B03A9D /* TemperatureControlView.swift */; };
		FF6EA27D2227E95ABAF2710C /* Theme.swift in Sources */ = {isa = PBXBuildFile; fileRef = 1FD3BB2B0949A6D26749B4C9 /* Theme.swift */; };
/* End PBXBuildFile section */

/* Begin PBXFileReference section */
		1B37C0A144D7BBF59259D36D /* SpaStatus.swift */ = {isa = PBXFileReference; lastKnownFileType = sourcecode.swift; path = SpaStatus.swift; sourceTree = "<group>"; };
		1FD3BB2B0949A6D26749B4C9 /* Theme.swift */ = {isa = PBXFileReference; lastKnownFileType = sourcecode.swift; path = Theme.swift; sourceTree = "<group>"; };
		3420B1B077E7F2551C8D89F5 /* SpaViewModel.swift */ = {isa = PBXFileReference; lastKnownFileType = sourcecode.swift; path = SpaViewModel.swift; sourceTree = "<group>"; };
		34AC1BCD3F87758BC563F18E /* WiFiNetwork.swift */ = {isa = PBXFileReference; lastKnownFileType = sourcecode.swift; path = WiFiNetwork.swift; sourceTree = "<group>"; };
		5920F29B2B3ED975F4894AA3 /* Assets.xcassets */ = {isa = PBXFileReference; lastKnownFileType = folder.assetcatalog; path = Assets.xcassets; sourceTree = "<group>"; };
		63BB6335B5206510BB0310A2 /* TemperatureDialView.swift */ = {isa = PBXFileReference; lastKnownFileType = sourcecode.swift; path = TemperatureDialView.swift; sourceTree = "<group>"; };
		64C7205B44D4CB523D47427B /* ContentView.swift */ = {isa = PBXFileReference; lastKnownFileType = sourcecode.swift; path = ContentView.swift; sourceTree = "<group>"; };
		6C07FDB56EA22173354AAAC6 /* SpaCommand.swift */ = {isa = PBXFileReference; lastKnownFileType = sourcecode.swift; path = SpaCommand.swift; sourceTree = "<group>"; };
		7964696D282A294C820B283E /* TempHistoryView.swift */ = {isa = PBXFileReference; lastKnownFileType = sourcecode.swift; path = TempHistoryView.swift; sourceTree = "<group>"; };
		87135931A0298F9B7FCC4FC9 /* BrokerSettings.swift */ = {isa = PBXFileReference; lastKnownFileType = sourcecode.swift; path = BrokerSettings.swift; sourceTree = "<group>"; };
		8BC5250DCCE4A355CB5384D2 /* SpaBLEProvisioner.swift */ = {isa = PBXFileReference; lastKnownFileType = sourcecode.swift; path = SpaBLEProvisioner.swift; sourceTree = "<group>"; };
		8E63FEB3E4E7BE23A03318CD /* ConnectionStatusView.swift */ = {isa = PBXFileReference; lastKnownFileType = sourcecode.swift; path = ConnectionStatusView.swift; sourceTree = "<group>"; };
		90D2DC3899E8E3FE4B4E2E76 /* PumpControlView.swift */ = {isa = PBXFileReference; lastKnownFileType = sourcecode.swift; path = PumpControlView.swift; sourceTree = "<group>"; };
		981D78CA1F0548B0CF72658E /* TempSample.swift */ = {isa = PBXFileReference; lastKnownFileType = sourcecode.swift; path = TempSample.swift; sourceTree = "<group>"; };
		9F373F2FE26AC2ADE318F870 /* StaleStatusView.swift */ = {isa = PBXFileReference; lastKnownFileType = sourcecode.swift; path = StaleStatusView.swift; sourceTree = "<group>"; };
		A6E1F6956057060634463650 /* PreviewSupport.swift */ = {isa = PBXFileReference; lastKnownFileType = sourcecode.swift; path = PreviewSupport.swift; sourceTree = "<group>"; };
		AF5F98E7367679FD138A64AD /* StatusDashboardView.swift */ = {isa = PBXFileReference; lastKnownFileType = sourcecode.swift; path = StatusDashboardView.swift; sourceTree = "<group>"; };
		B142DC8133BA488443B03A9D /* TemperatureControlView.swift */ = {isa = PBXFileReference; lastKnownFileType = sourcecode.swift; path = TemperatureControlView.swift; sourceTree = "<group>"; };
		B2D7D9B0871C5A3892059A8C /* NotificationManager.swift */ = {isa = PBXFileReference; lastKnownFileType = sourcecode.swift; path = NotificationManager.swift; sourceTree = "<group>"; };
		B60C41C59A295C320B31E09D /* FaultCode.swift */ = {isa = PBXFileReference; lastKnownFileType = sourcecode.swift; path = FaultCode.swift; sourceTree = "<group>"; };
		D4303C0CA587EF2293BA5EE2 /* WiFiSetupWizardView.swift */ = {isa = PBXFileReference; lastKnownFileType = sourcecode.swift; path = WiFiSetupWizardView.swift; sourceTree = "<group>"; };
		DE56A20B2CE60707A74051EC /* SpaControl.app */ = {isa = PBXFileReference; explicitFileType = wrapper.application; includeInIndex = 0; path = SpaControl.app; sourceTree = BUILT_PRODUCTS_DIR; };
		E7C786B265848E5881E7CC8A /* SettingsSheet.swift */ = {isa = PBXFileReference; lastKnownFileType = sourcecode.swift; path = SettingsSheet.swift; sourceTree = "<group>"; };
		EC434F929B6F6E0B41E5719F /* SpaControlApp.swift */ = {isa = PBXFileReference; lastKnownFileType = sourcecode.swift; path = SpaControlApp.swift; sourceTree = "<group>"; };
		FF7021F05C1C4DB1A1031113 /* LightEcoControlView.swift */ = {isa = PBXFileReference; lastKnownFileType = sourcecode.swift; path = LightEcoControlView.swift; sourceTree = "<group>"; };
/* End PBXFileReference section */

/* Begin PBXFrameworksBuildPhase section */
		A394928AD28E4BBB896B0ECD /* Frameworks */ = {
			isa = PBXFrameworksBuildPhase;
			buildActionMask = 2147483647;
			files = (
				267F68C8B93AF88DD514F0D7 /* CocoaMQTT in Frameworks */,
				7B6B7147689E2AA401E139C9 /* CocoaMQTTWebSocket in Frameworks */,
			);
			runOnlyForDeploymentPostprocessing = 0;
		};
/* End PBXFrameworksBuildPhase section */

/* Begin PBXGroup section */
		1670E8078A309B3F5733644B = {
			isa = PBXGroup;
			children = (
				D866B152CC953FD228841A9B /* SpaControl */,
				5EB0C2B184EE0A0E095A6C73 /* Products */,
			);
			sourceTree = "<group>";
		};
		5EB0C2B184EE0A0E095A6C73 /* Products */ = {
			isa = PBXGroup;
			children = (
				DE56A20B2CE60707A74051EC /* SpaControl.app */,
			);
			name = Products;
			sourceTree = "<group>";
		};
		778A429D33CD87AAD6934BC9 /* Services */ = {
			isa = PBXGroup;
			children = (
				B2D7D9B0871C5A3892059A8C /* NotificationManager.swift */,
				8BC5250DCCE4A355CB5384D2 /* SpaBLEProvisioner.swift */,
			);
			path = Services;
			sourceTree = "<group>";
		};
		7F12BB53A8A9AA2361B3FB9B /* ViewModels */ = {
			isa = PBXGroup;
			children = (
				3420B1B077E7F2551C8D89F5 /* SpaViewModel.swift */,
			);
			path = ViewModels;
			sourceTree = "<group>";
		};
		A53179085715589C48C17CE2 /* Views */ = {
			isa = PBXGroup;
			children = (
				8E63FEB3E4E7BE23A03318CD /* ConnectionStatusView.swift */,
				64C7205B44D4CB523D47427B /* ContentView.swift */,
				FF7021F05C1C4DB1A1031113 /* LightEcoControlView.swift */,
				90D2DC3899E8E3FE4B4E2E76 /* PumpControlView.swift */,
				E7C786B265848E5881E7CC8A /* SettingsSheet.swift */,
				9F373F2FE26AC2ADE318F870 /* StaleStatusView.swift */,
				AF5F98E7367679FD138A64AD /* StatusDashboardView.swift */,
				B142DC8133BA488443B03A9D /* TemperatureControlView.swift */,
				63BB6335B5206510BB0310A2 /* TemperatureDialView.swift */,
				7964696D282A294C820B283E /* TempHistoryView.swift */,
				D4303C0CA587EF2293BA5EE2 /* WiFiSetupWizardView.swift */,
			);
			path = Views;
			sourceTree = "<group>";
		};
		D866B152CC953FD228841A9B /* SpaControl */ = {
			isa = PBXGroup;
			children = (
				DA74D9DA3BED4FC79019A9D5 /* Models */,
				778A429D33CD87AAD6934BC9 /* Services */,
				7F12BB53A8A9AA2361B3FB9B /* ViewModels */,
				A53179085715589C48C17CE2 /* Views */,
				5920F29B2B3ED975F4894AA3 /* Assets.xcassets */,
				A6E1F6956057060634463650 /* PreviewSupport.swift */,
				EC434F929B6F6E0B41E5719F /* SpaControlApp.swift */,
				1FD3BB2B0949A6D26749B4C9 /* Theme.swift */,
			);
			path = SpaControl;
			sourceTree = "<group>";
		};
		DA74D9DA3BED4FC79019A9D5 /* Models */ = {
			isa = PBXGroup;
			children = (
				87135931A0298F9B7FCC4FC9 /* BrokerSettings.swift */,
				B60C41C59A295C320B31E09D /* FaultCode.swift */,
				6C07FDB56EA22173354AAAC6 /* SpaCommand.swift */,
				1B37C0A144D7BBF59259D36D /* SpaStatus.swift */,
				981D78CA1F0548B0CF72658E /* TempSample.swift */,
				34AC1BCD3F87758BC563F18E /* WiFiNetwork.swift */,
			);
			path = Models;
			sourceTree = "<group>";
		};
/* End PBXGroup section */

/* Begin PBXNativeTarget section */
		CD3C959D53E680A6FC5A207C /* SpaControl */ = {
			isa = PBXNativeTarget;
			buildConfigurationList = 72CF3FEB773F18921DA9FE5D /* Build configuration list for PBXNativeTarget "SpaControl" */;
			buildPhases = (
				DE4B9B0EB204DF6D77E2F1C5 /* Sources */,
				6431823FDC99E9030C136D4E /* Resources */,
				A394928AD28E4BBB896B0ECD /* Frameworks */,
			);
			buildRules = (
			);
			dependencies = (
			);
			name = SpaControl;
			packageProductDependencies = (
				CF479A42E259BA2A3BCFDE1B /* CocoaMQTT */,
				540C8D226A68C21292F96B9C /* CocoaMQTTWebSocket */,
			);
			productName = SpaControl;
			productReference = DE56A20B2CE60707A74051EC /* SpaControl.app */;
			productType = "com.apple.product-type.application";
		};
/* End PBXNativeTarget section */

/* Begin PBXProject section */
		D944D2ED7D47078E8D857469 /* Project object */ = {
			isa = PBXProject;
			attributes = {
				BuildIndependentTargetsInParallel = YES;
				LastUpgradeCheck = 1430;
				TargetAttributes = {
					CD3C959D53E680A6FC5A207C = {
						ProvisioningStyle = Automatic;
					};
				};
			};
			buildConfigurationList = E0B34D7ECEEB32F1E672422F /* Build configuration list for PBXProject "SpaControl" */;
			developmentRegion = en;
			hasScannedForEncodings = 0;
			knownRegions = (
				Base,
				en,
			);
			mainGroup = 1670E8078A309B3F5733644B;
			minimizedProjectReferenceProxies = 1;
			packageReferences = (
				08411736C08DA11C9FFBE778 /* XCRemoteSwiftPackageReference "CocoaMQTT" */,
			);
			preferredProjectObjectVersion = 77;
			productRefGroup = 5EB0C2B184EE0A0E095A6C73 /* Products */;
			projectDirPath = "";
			projectRoot = "";
			targets = (
				CD3C959D53E680A6FC5A207C /* SpaControl */,
			);
		};
/* End PBXProject section */

/* Begin PBXResourcesBuildPhase section */
		6431823FDC99E9030C136D4E /* Resources */ = {
			isa = PBXResourcesBuildPhase;
			buildActionMask = 2147483647;
			files = (
				BB8017133B928743911AA044 /* Assets.xcassets in Resources */,
			);
			runOnlyForDeploymentPostprocessing = 0;
		};
/* End PBXResourcesBuildPhase section */

/* Begin PBXSourcesBuildPhase section */
		DE4B9B0EB204DF6D77E2F1C5 /* Sources */ = {
			isa = PBXSourcesBuildPhase;
			buildActionMask = 2147483647;
			files = (
				84B68F1CD857B5A90B88A4C3 /* BrokerSettings.swift in Sources */,
				72DD127E8BE250C98EBEBF36 /* ConnectionStatusView.swift in Sources */,
				F5743EABB974EA9BBCEE6A55 /* ContentView.swift in Sources */,
				807DFF3C6C9AB7EA840D6A77 /* FaultCode.swift in Sources */,
				B558F76F844A827706C97093 /* LightEcoControlView.swift in Sources */,
				C7CBECE298C79DBDD9207AF7 /* NotificationManager.swift in Sources */,
				318BE739D96298AE73250392 /* PreviewSupport.swift in Sources */,
				DEDBDD3E7ED6D67A4ED855E1 /* PumpControlView.swift in Sources */,
				D259E6204D2625E2818AB4F3 /* SettingsSheet.swift in Sources */,
				F58B1361F7111E2B4026FE1A /* SpaBLEProvisioner.swift in Sources */,
				1835A89B27B35F50FA9B4871 /* SpaCommand.swift in Sources */,
				43E58BF334D05AEBEE09379A /* SpaControlApp.swift in Sources */,
				A9D46AC0CF10C138EA6909CB /* SpaStatus.swift in Sources */,
				2A36248C4FB34002BA59FC5B /* SpaViewModel.swift in Sources */,
				9D3002DB6443FB69DE467BA2 /* StaleStatusView.swift in Sources */,
				7A8E44BDEB647B828CC2DF2E /* StatusDashboardView.swift in Sources */,
				5725FEF07EE3793292170EFF /* TempHistoryView.swift in Sources */,
				1B229DA6C734776551EB38D6 /* TempSample.swift in Sources */,
				FDAC9ABA900B4D58164084A0 /* TemperatureControlView.swift in Sources */,
				E6BC39C1B03109F3F51163B8 /* TemperatureDialView.swift in Sources */,
				FF6EA27D2227E95ABAF2710C /* Theme.swift in Sources */,
				87B211AD997CC13F347BE854 /* WiFiNetwork.swift in Sources */,
				57EB6363C5EED92048F3F317 /* WiFiSetupWizardView.swift in Sources */,
			);
			runOnlyForDeploymentPostprocessing = 0;
		};
/* End PBXSourcesBuildPhase section */

/* Begin XCBuildConfiguration section */
		AA01A84B8D88E662E5408E31 /* Debug */ = {
			isa = XCBuildConfiguration;
			buildSettings = {
				ASSETCATALOG_COMPILER_APPICON_NAME = AppIcon;
				CODE_SIGN_STYLE = Automatic;
				CURRENT_PROJECT_VERSION = 1;
				DEVELOPMENT_TEAM = JK9ZS9GNST;
				GENERATE_INFOPLIST_FILE = YES;
				INFOPLIST_KEY_CFBundleDisplayName = SpaControl;
				INFOPLIST_KEY_NSBluetoothAlwaysUsageDescription = "SpaControl uses Bluetooth to pair with the spa controller and set up its Wi‑Fi.";
				INFOPLIST_KEY_UIApplicationSceneManifest_Generation = YES;
				INFOPLIST_KEY_UILaunchScreen_Generation = YES;
				INFOPLIST_KEY_UISupportedInterfaceOrientations = UIInterfaceOrientationPortrait;
				INFOPLIST_KEY_UISupportedInterfaceOrientations_iPad = "UIInterfaceOrientationPortrait UIInterfaceOrientationPortraitUpsideDown UIInterfaceOrientationLandscapeLeft UIInterfaceOrientationLandscapeRight";
				MARKETING_VERSION = 1.0;
				PRODUCT_BUNDLE_IDENTIFIER = com.spacontrol.SpaControl;
				PRODUCT_NAME = SpaControl;
				SWIFT_VERSION = 5.0;
				TARGETED_DEVICE_FAMILY = "1,2";
			};
			name = Debug;
		};
		ABEF9978BCCABFA8EAD9F26B /* Debug */ = {
			isa = XCBuildConfiguration;
			buildSettings = {
				IPHONEOS_DEPLOYMENT_TARGET = 16.0;
				SDKROOT = iphoneos;
			};
			name = Debug;
		};
		BADAB451D511F9782D21F833 /* Release */ = {
			isa = XCBuildConfiguration;
			buildSettings = {
				IPHONEOS_DEPLOYMENT_TARGET = 16.0;
				SDKROOT = iphoneos;
			};
			name = Release;
		};
		C5FDA976FAEFE4ACEBF43F0D /* Release */ = {
			isa = XCBuildConfiguration;
			buildSettings = {
				ASSETCATALOG_COMPILER_APPICON_NAME = AppIcon;
				CODE_SIGN_STYLE = Automatic;
				CURRENT_PROJECT_VERSION = 1;
				DEVELOPMENT_TEAM = JK9ZS9GNST;
				GENERATE_INFOPLIST_FILE = YES;
				INFOPLIST_KEY_CFBundleDisplayName = SpaControl;
				INFOPLIST_KEY_NSBluetoothAlwaysUsageDescription = "SpaControl uses Bluetooth to pair with the spa controller and set up its Wi‑Fi.";
				INFOPLIST_KEY_UIApplicationSceneManifest_Generation = YES;
				INFOPLIST_KEY_UILaunchScreen_Generation = YES;
				INFOPLIST_KEY_UISupportedInterfaceOrientations = UIInterfaceOrientationPortrait;
				INFOPLIST_KEY_UISupportedInterfaceOrientations_iPad = "UIInterfaceOrientationPortrait UIInterfaceOrientationPortraitUpsideDown UIInterfaceOrientationLandscapeLeft UIInterfaceOrientationLandscapeRight";
				MARKETING_VERSION = 1.0;
				PRODUCT_BUNDLE_IDENTIFIER = com.spacontrol.SpaControl;
				PRODUCT_NAME = SpaControl;
				SWIFT_VERSION = 5.0;
				TARGETED_DEVICE_FAMILY = "1,2";
			};
			name = Release;
		};
/* End XCBuildConfiguration section */

/* Begin XCConfigurationList section */
		72CF3FEB773F18921DA9FE5D /* Build configuration list for PBXNativeTarget "SpaControl" */ = {
			isa = XCConfigurationList;
			buildConfigurations = (
				AA01A84B8D88E662E5408E31 /* Debug */,
				C5FDA976FAEFE4ACEBF43F0D /* Release */,
			);
			defaultConfigurationIsVisible = 0;
			defaultConfigurationName = Debug;
		};
		E0B34D7ECEEB32F1E672422F /* Build configuration list for PBXProject "SpaControl" */ = {
			isa = XCConfigurationList;
			buildConfigurations = (
				ABEF9978BCCABFA8EAD9F26B /* Debug */,
				BADAB451D511F9782D21F833 /* Release */,
			);
			defaultConfigurationIsVisible = 0;
			defaultConfigurationName = Debug;
		};
/* End XCConfigurationList section */

/* Begin XCRemoteSwiftPackageReference section */
		08411736C08DA11C9FFBE778 /* XCRemoteSwiftPackageReference "CocoaMQTT" */ = {
			isa = XCRemoteSwiftPackageReference;
			repositoryURL = "https://github.com/emqx/CocoaMQTT";
			requirement = {
				kind = upToNextMajorVersion;
				minimumVersion = 2.1.0;
			};
		};
/* End XCRemoteSwiftPackageReference section */

/* Begin XCSwiftPackageProductDependency section */
		540C8D226A68C21292F96B9C /* CocoaMQTTWebSocket */ = {
			isa = XCSwiftPackageProductDependency;
			package = 08411736C08DA11C9FFBE778 /* XCRemoteSwiftPackageReference "CocoaMQTT" */;
			productName = CocoaMQTTWebSocket;
		};
		CF479A42E259BA2A3BCFDE1B /* CocoaMQTT */ = {
			isa = XCSwiftPackageProductDependency;
			package = 08411736C08DA11C9FFBE778 /* XCRemoteSwiftPackageReference "CocoaMQTT" */;
			productName = CocoaMQTT;
		};
/* End XCSwiftPackageProductDependency section */
	};
	rootObject = D944D2ED7D47078E8D857469 /* Project object */;
}
